
Microsoft Visual Studio Solution File, Format Version 12.00
# Visual Studio 2013
VisualStudioVersion = 12.0.31101.0
MinimumVisualStudioVersion = 10.0.40219.1
Project("{FAE04EC0-301F-11D3-BF4B-00C04F79EFBC}") = "SocialSiteV4-2", "SocialSiteV4-2\SocialSiteV4-2.csproj", "{28EF2283-D8F6-4573-9458-8A7611F38468}"
EndProject
Global
	GlobalSection(SolutionConfigurationPlatforms) = preSolution
		Debug|Any CPU = Debug|Any CPU
		Release|Any CPU = Release|Any CPU
	EndGlobalSection
	GlobalSection(ProjectConfigurationPlatforms) = postSolution
		{28EF2283-D8F6-4573-9458-8A7611F38468}.Debug|Any CPU.ActiveCfg = Debug|Any CPU
		{28EF2283-D8F6-4573-9458-8A7611F38468}.Debug|Any CPU.Build.0 = Debug|Any CPU
		{28EF2283-D8F6-4573-9458-8A7611F38468}.Release|Any CPU.ActiveCfg = Release|Any CPU
		{28EF2283-D8F6-4573-9458-8A7611F38468}.Release|Any CPU.Build.0 = Release|Any CPU
	EndGlobalSection
	GlobalSection(SolutionProperties) = preSolution
		HideSolutionNode = FALSE
	EndGlobalSection
EndGlobal
